
Microsoft Visual Studio Solution File, Format Version 12.00
# Visual Studio 15
VisualStudioVersion = 15.0.28010.2036
MinimumVisualStudioVersion = 10.0.40219.1
Project("{FAE04EC0-301F-11D3-BF4B-00C04F79EFBC}") = "XamCalendar.Android", "XamCalendar\XamCalendar.Android\XamCalendar.Android.csproj", "{106FD220-95EB-4074-AEC6-49F2D866E660}"
EndProject
Project("{FAE04EC0-301F-11D3-BF4B-00C04F79EFBC}") = "XamCalendar.iOS", "XamCalendar\XamCalendar.iOS\XamCalendar.iOS.csproj", "{7353C03D-734B-4CA9-B168-C0F26F784CED}"
EndProject
Project("{FAE04EC0-301F-11D3-BF4B-00C04F79EFBC}") = "XamCalendar.UWP", "XamCalendar\XamCalendar.UWP\XamCalendar.UWP.csproj", "{FD4CA1EC-29D2-4381-B09E-940A41CFFE92}"
EndProject
Project("{FAE04EC0-301F-11D3-BF4B-00C04F79EFBC}") = "XamCalendar", "XamCalendar\XamCalendar\XamCalendar.csproj", "{84FDFEDB-06F9-4168-B821-218B13E8F8E4}"
EndProject
Global
	GlobalSection(SolutionConfigurationPlatforms) = preSolution
		Ad-Hoc|Any CPU = Ad-Hoc|Any CPU
		Ad-Hoc|ARM = Ad-Hoc|ARM
		Ad-Hoc|iPhone = Ad-Hoc|iPhone
		Ad-Hoc|iPhoneSimulator = Ad-Hoc|iPhoneSimulator
		Ad-Hoc|x64 = Ad-Hoc|x64
		Ad-Hoc|x86 = Ad-Hoc|x86
		AppStore|Any CPU = AppStore|Any CPU
		AppStore|ARM = AppStore|ARM
		AppStore|iPhone = AppStore|iPhone
		AppStore|iPhoneSimulator = AppStore|iPhoneSimulator
		AppStore|x64 = AppStore|x64
		AppStore|x86 = AppStore|x86
		Debug|Any CPU = Debug|Any CPU
		Debug|ARM = Debug|ARM
		Debug|iPhone = Debug|iPhone
		Debug|iPhoneSimulator = Debug|iPhoneSimulator
		Debug|x64 = Debug|x64
		Debug|x86 = Debug|x86
		Release|Any CPU = Release|Any CPU
		Release|ARM = Release|ARM
		Release|iPhone = Release|iPhone
		Release|iPhoneSimulator = Release|iPhoneSimulator
		Release|x64 = Release|x64
		Release|x86 = Release|x86
	EndGlobalSection
	GlobalSection(ProjectConfigurationPlatforms) = postSolution
		{106FD220-95EB-4074-AEC6-49F2D866E660}.Ad-Hoc|Any CPU.ActiveCfg = Release|Any CPU
		{106FD220-95EB-4074-AEC6-49F2D866E660}.Ad-Hoc|Any CPU.Build.0 = Release|Any CPU
		{106FD220-95EB-4074-AEC6-49F2D866E660}.Ad-Hoc|Any CPU.Deploy.0 = Release|Any CPU
		{106FD220-95EB-4074-AEC6-49F2D866E660}.Ad-Hoc|ARM.ActiveCfg = Release|Any CPU
		{106FD220-95EB-4074-AEC6-49F2D866E660}.Ad-Hoc|ARM.Build.0 = Release|Any CPU
		{106FD220-95EB-4074-AEC6-49F2D866E660}.Ad-Hoc|ARM.Deploy.0 = Release|Any CPU
		{106FD220-95EB-4074-AEC6-49F2D866E660}.Ad-Hoc|iPhone.ActiveCfg = Release|Any CPU
		{106FD220-95EB-4074-AEC6-49F2D866E660}.Ad-Hoc|iPhone.Build.0 = Release|Any CPU
		{106FD220-95EB-4074-AEC6-49F2D866E660}.Ad-Hoc|iPhone.Deploy.0 = Release|Any CPU
		{106FD220-95EB-4074-AEC6-49F2D866E660}.Ad-Hoc|iPhoneSimulator.ActiveCfg = Release|Any CPU
		{106FD220-95EB-4074-AEC6-49F2D866E660}.Ad-Hoc|iPhoneSimulator.Build.0 = Release|Any CPU
		{106FD220-95EB-4074-AEC6-49F2D866E660}.Ad-Hoc|iPhoneSimulator.Deploy.0 = Release|Any CPU
		{106FD220-95EB-4074-AEC6-49F2D866E660}.Ad-Hoc|x64.ActiveCfg = Release|Any CPU
		{106FD220-95EB-4074-AEC6-49F2D866E660}.Ad-Hoc|x64.Build.0 = Release|Any CPU
		{106FD220-95EB-4074-AEC6-49F2D866E660}.Ad-Hoc|x64.Deploy.0 = Release|Any CPU
		{106FD220-95EB-4074-AEC6-49F2D866E660}.Ad-Hoc|x86.ActiveCfg = Release|Any CPU
		{106FD220-95EB-4074-AEC6-49F2D866E660}.Ad-Hoc|x86.Build.0 = Release|Any CPU
		{106FD220-95EB-4074-AEC6-49F2D866E660}.Ad-Hoc|x86.Deploy.0 = Release|Any CPU
		{106FD220-95EB-4074-AEC6-49F2D866E660}.AppStore|Any CPU.ActiveCfg = Release|Any CPU
		{106FD220-95EB-4074-AEC6-49F2D866E660}.AppStore|Any CPU.Build.0 = Release|Any CPU
		{106FD220-95EB-4074-AEC6-49F2D866E660}.AppStore|Any CPU.Deploy.0 = Release|Any CPU
		{106FD220-95EB-4074-AEC6-49F2D866E660}.AppStore|ARM.ActiveCfg = Release|Any CPU
		{106FD220-95EB-4074-AEC6-49F2D866E660}.AppStore|ARM.Build.0 = Release|Any CPU
		{106FD220-95EB-4074-AEC6-49F2D866E660}.AppStore|ARM.Deploy.0 = Release|Any CPU
		{106FD220-95EB-4074-AEC6-49F2D866E660}.AppStore|iPhone.ActiveCfg = Release|Any CPU
		{106FD220-95EB-4074-AEC6-49F2D866E660}.AppStore|iPhone.Build.0 = Release|Any CPU
		{106FD220-95EB-4074-AEC6-49F2D866E660}.AppStore|iPhone.Deploy.0 = Release|Any CPU
		{106FD220-95EB-4074-AEC6-49F2D866E660}.AppStore|iPhoneSimulator.ActiveCfg = Release|Any CPU
		{106FD220-95EB-4074-AEC6-49F2D866E660}.AppStore|iPhoneSimulator.Build.0 = Release|Any CPU
		{106FD220-95EB-4074-AEC6-49F2D866E660}.AppStore|iPhoneSimulator.Deploy.0 = Release|Any CPU
		{106FD220-95EB-4074-AEC6-49F2D866E660}.AppStore|x64.ActiveCfg = Release|Any CPU
		{106FD220-95EB-4074-AEC6-49F2D866E660}.AppStore|x64.Build.0 = Release|Any CPU
		{106FD220-95EB-4074-AEC6-49F2D866E660}.AppStore|x64.Deploy.0 = Release|Any CPU
		{106FD220-95EB-4074-AEC6-49F2D866E660}.AppStore|x86.ActiveCfg = Release|Any CPU
		{106FD220-95EB-4074-AEC6-49F2D866E660}.AppStore|x86.Build.0 = Release|Any CPU
		{106FD220-95EB-4074-AEC6-49F2D866E660}.AppStore|x86.Deploy.0 = Release|Any CPU
		{106FD220-95EB-4074-AEC6-49F2D866E660}.Debug|Any CPU.ActiveCfg = Debug|Any CPU
		{106FD220-95EB-4074-AEC6-49F2D866E660}.Debug|Any CPU.Build.0 = Debug|Any CPU
		{106FD220-95EB-4074-AEC6-49F2D866E660}.Debug|Any CPU.Deploy.0 = Debug|Any CPU
		{106FD220-95EB-4074-AEC6-49F2D866E660}.Debug|ARM.ActiveCfg = Debug|Any CPU
		{106FD220-95EB-4074-AEC6-49F2D866E660}.Debug|ARM.Build.0 = Debug|Any CPU
		{106FD220-95EB-4074-AEC6-49F2D866E660}.Debug|ARM.Deploy.0 = Debug|Any CPU
		{106FD220-95EB-4074-AEC6-49F2D866E660}.Debug|iPhone.ActiveCfg = Debug|Any CPU
		{106FD220-95EB-4074-AEC6-49F2D866E660}.Debug|iPhone.Build.0 = Debug|Any CPU
		{106FD220-95EB-4074-AEC6-49F2D866E660}.Debug|iPhone.Deploy.0 = Debug|Any CPU
		{106FD220-95EB-4074-AEC6-49F2D866E660}.Debug|iPhoneSimulator.ActiveCfg = Debug|Any CPU
		{106FD220-95EB-4074-AEC6-49F2D866E660}.Debug|iPhoneSimulator.Build.0 = Debug|Any CPU
		{106FD220-95EB-4074-AEC6-49F2D866E660}.Debug|iPhoneSimulator.Deploy.0 = Debug|Any CPU
		{106FD220-95EB-4074-AEC6-49F2D866E660}.Debug|x64.ActiveCfg = Debug|Any CPU
		{106FD220-95EB-4074-AEC6-49F2D866E660}.Debug|x64.Build.0 = Debug|Any CPU
		{106FD220-95EB-4074-AEC6-49F2D866E660}.Debug|x64.Deploy.0 = Debug|Any CPU
		{106FD220-95EB-4074-AEC6-49F2D866E660}.Debug|x86.ActiveCfg = Debug|Any CPU
		{106FD220-95EB-4074-AEC6-49F2D866E660}.Debug|x86.Build.0 = Debug|Any CPU
		{106FD220-95EB-4074-AEC6-49F2D866E660}.Debug|x86.Deploy.0 = Debug|Any CPU
		{106FD220-95EB-4074-AEC6-49F2D866E660}.Release|Any CPU.ActiveCfg = Release|Any CPU
		{106FD220-95EB-4074-AEC6-49F2D866E660}.Release|Any CPU.Build.0 = Release|Any CPU
		{106FD220-95EB-4074-AEC6-49F2D866E660}.Release|Any CPU.Deploy.0 = Release|Any CPU
		{106FD220-95EB-4074-AEC6-49F2D866E660}.Release|ARM.ActiveCfg = Release|Any CPU
		{106FD220-95EB-4074-AEC6-49F2D866E660}.Release|ARM.Build.0 = Release|Any CPU
		{106FD220-95EB-4074-AEC6-49F2D866E660}.Release|ARM.Deploy.0 = Release|Any CPU
		{106FD220-95EB-4074-AEC6-49F2D866E660}.Release|iPhone.ActiveCfg = Release|Any CPU
		{106FD220-95EB-4074-AEC6-49F2D866E660}.Release|iPhone.Build.0 = Release|Any CPU
		{106FD220-95EB-4074-AEC6-49F2D866E660}.Release|iPhone.Deploy.0 = Release|Any CPU
		{106FD220-95EB-4074-AEC6-49F2D866E660}.Release|iPhoneSimulator.ActiveCfg = Release|Any CPU
		{106FD220-95EB-4074-AEC6-49F2D866E660}.Release|iPhoneSimulator.Build.0 = Release|Any CPU
		{106FD220-95EB-4074-AEC6-49F2D866E660}.Release|iPhoneSimulator.Deploy.0 = Release|Any CPU
		{106FD220-95EB-4074-AEC6-49F2D866E660}.Release|x64.ActiveCfg = Release|Any CPU
		{106FD220-95EB-4074-AEC6-49F2D866E660}.Release|x64.Build.0 = Release|Any CPU
		{106FD220-95EB-4074-AEC6-49F2D866E660}.Release|x64.Deploy.0 = Release|Any CPU
		{106FD220-95EB-4074-AEC6-49F2D866E660}.Release|x86.ActiveCfg = Release|Any CPU
		{106FD220-95EB-4074-AEC6-49F2D866E660}.Release|x86.Build.0 = Release|Any CPU
		{106FD220-95EB-4074-AEC6-49F2D866E660}.Release|x86.Deploy.0 = Release|Any CPU
		{7353C03D-734B-4CA9-B168-C0F26F784CED}.Ad-Hoc|Any CPU.ActiveCfg = Ad-Hoc|iPhone
		{7353C03D-734B-4CA9-B168-C0F26F784CED}.Ad-Hoc|Any CPU.Build.0 = Ad-Hoc|iPhone
		{7353C03D-734B-4CA9-B168-C0F26F784CED}.Ad-Hoc|Any CPU.Deploy.0 = Ad-Hoc|iPhone
		{7353C03D-734B-4CA9-B168-C0F26F784CED}.Ad-Hoc|ARM.ActiveCfg = Ad-Hoc|iPhone
		{7353C03D-734B-4CA9-B168-C0F26F784CED}.Ad-Hoc|ARM.Build.0 = Ad-Hoc|iPhone
		{7353C03D-734B-4CA9-B168-C0F26F784CED}.Ad-Hoc|ARM.Deploy.0 = Ad-Hoc|iPhone
		{7353C03D-734B-4CA9-B168-C0F26F784CED}.Ad-Hoc|iPhone.ActiveCfg = Ad-Hoc|iPhone
		{7353C03D-734B-4CA9-B168-C0F26F784CED}.Ad-Hoc|iPhone.Build.0 = Ad-Hoc|iPhone
		{7353C03D-734B-4CA9-B168-C0F26F784CED}.Ad-Hoc|iPhone.Deploy.0 = Ad-Hoc|iPhone
		{7353C03D-734B-4CA9-B168-C0F26F784CED}.Ad-Hoc|iPhoneSimulator.ActiveCfg = Ad-Hoc|iPhoneSimulator
		{7353C03D-734B-4CA9-B168-C0F26F784CED}.Ad-Hoc|iPhoneSimulator.Build.0 = Ad-Hoc|iPhoneSimulator
		{7353C03D-734B-4CA9-B168-C0F26F784CED}.Ad-Hoc|iPhoneSimulator.Deploy.0 = Ad-Hoc|iPhoneSimulator
		{7353C03D-734B-4CA9-B168-C0F26F784CED}.Ad-Hoc|x64.ActiveCfg = Ad-Hoc|iPhone
		{7353C03D-734B-4CA9-B168-C0F26F784CED}.Ad-Hoc|x64.Build.0 = Ad-Hoc|iPhone
		{7353C03D-734B-4CA9-B168-C0F26F784CED}.Ad-Hoc|x64.Deploy.0 = Ad-Hoc|iPhone
		{7353C03D-734B-4CA9-B168-C0F26F784CED}.Ad-Hoc|x86.ActiveCfg = Ad-Hoc|iPhone
		{7353C03D-734B-4CA9-B168-C0F26F784CED}.Ad-Hoc|x86.Build.0 = Ad-Hoc|iPhone
		{7353C03D-734B-4CA9-B168-C0F26F784CED}.Ad-Hoc|x86.Deploy.0 = Ad-Hoc|iPhone
		{7353C03D-734B-4CA9-B168-C0F26F784CED}.AppStore|Any CPU.ActiveCfg = AppStore|iPhone
		{7353C03D-734B-4CA9-B168-C0F26F784CED}.AppStore|Any CPU.Build.0 = AppStore|iPhone
		{7353C03D-734B-4CA9-B168-C0F26F784CED}.AppStore|Any CPU.Deploy.0 = AppStore|iPhone
		{7353C03D-734B-4CA9-B168-C0F26F784CED}.AppStore|ARM.ActiveCfg = AppStore|iPhone
		{7353C03D-734B-4CA9-B168-C0F26F784CED}.AppStore|ARM.Build.0 = AppStore|iPhone
		{7353C03D-734B-4CA9-B168-C0F26F784CED}.AppStore|ARM.Deploy.0 = AppStore|iPhone
		{7353C03D-734B-4CA9-B168-C0F26F784CED}.AppStore|iPhone.ActiveCfg = AppStore|iPhone
		{7353C03D-734B-4CA9-B168-C0F26F784CED}.AppStore|iPhone.Build.0 = AppStore|iPhone
		{7353C03D-734B-4CA9-B168-C0F26F784CED}.AppStore|iPhone.Deploy.0 = AppStore|iPhone
		{7353C03D-734B-4CA9-B168-C0F26F784CED}.AppStore|iPhoneSimulator.ActiveCfg = AppStore|iPhoneSimulator
		{7353C03D-734B-4CA9-B168-C0F26F784CED}.AppStore|iPhoneSimulator.Build.0 = AppStore|iPhoneSimulator
		{7353C03D-734B-4CA9-B168-C0F26F784CED}.AppStore|iPhoneSimulator.Deploy.0 = AppStore|iPhoneSimulator
		{7353C03D-734B-4CA9-B168-C0F26F784CED}.AppStore|x64.ActiveCfg = AppStore|iPhone
		{7353C03D-734B-4CA9-B168-C0F26F784CED}.AppStore|x64.Build.0 = AppStore|iPhone
		{7353C03D-734B-4CA9-B168-C0F26F784CED}.AppStore|x64.Deploy.0 = AppStore|iPhone
		{7353C03D-734B-4CA9-B168-C0F26F784CED}.AppStore|x86.ActiveCfg = AppStore|iPhone
		{7353C03D-734B-4CA9-B168-C0F26F784CED}.AppStore|x86.Build.0 = AppStore|iPhone
		{7353C03D-734B-4CA9-B168-C0F26F784CED}.AppStore|x86.Deploy.0 = AppStore|iPhone
		{7353C03D-734B-4CA9-B168-C0F26F784CED}.Debug|Any CPU.ActiveCfg = Debug|iPhoneSimulator
		{7353C03D-734B-4CA9-B168-C0F26F784CED}.Debug|Any CPU.Build.0 = Debug|iPhoneSimulator
		{7353C03D-734B-4CA9-B168-C0F26F784CED}.Debug|Any CPU.Deploy.0 = Debug|iPhoneSimulator
		{7353C03D-734B-4CA9-B168-C0F26F784CED}.Debug|ARM.ActiveCfg = Debug|iPhone
		{7353C03D-734B-4CA9-B168-C0F26F784CED}.Debug|ARM.Build.0 = Debug|iPhone
		{7353C03D-734B-4CA9-B168-C0F26F784CED}.Debug|ARM.Deploy.0 = Debug|iPhone
		{7353C03D-734B-4CA9-B168-C0F26F784CED}.Debug|iPhone.ActiveCfg = Debug|iPhone
		{7353C03D-734B-4CA9-B168-C0F26F784CED}.Debug|iPhone.Build.0 = Debug|iPhone
		{7353C03D-734B-4CA9-B168-C0F26F784CED}.Debug|iPhone.Deploy.0 = Debug|iPhone
		{7353C03D-734B-4CA9-B168-C0F26F784CED}.Debug|iPhoneSimulator.ActiveCfg = Debug|iPhoneSimulator
		{7353C03D-734B-4CA9-B168-C0F26F784CED}.Debug|iPhoneSimulator.Build.0 = Debug|iPhoneSimulator
		{7353C03D-734B-4CA9-B168-C0F26F784CED}.Debug|iPhoneSimulator.Deploy.0 = Debug|iPhoneSimulator
		{7353C03D-734B-4CA9-B168-C0F26F784CED}.Debug|x64.ActiveCfg = Debug|iPhone
		{7353C03D-734B-4CA9-B168-C0F26F784CED}.Debug|x64.Build.0 = Debug|iPhone
		{7353C03D-734B-4CA9-B168-C0F26F784CED}.Debug|x64.Deploy.0 = Debug|iPhone
		{7353C03D-734B-4CA9-B168-C0F26F784CED}.Debug|x86.ActiveCfg = Debug|iPhone
		{7353C03D-734B-4CA9-B168-C0F26F784CED}.Debug|x86.Build.0 = Debug|iPhone
		{7353C03D-734B-4CA9-B168-C0F26F784CED}.Debug|x86.Deploy.0 = Debug|iPhone
		{7353C03D-734B-4CA9-B168-C0F26F784CED}.Release|Any CPU.ActiveCfg = Release|iPhone
		{7353C03D-734B-4CA9-B168-C0F26F784CED}.Release|Any CPU.Build.0 = Release|iPhone
		{7353C03D-734B-4CA9-B168-C0F26F784CED}.Release|Any CPU.Deploy.0 = Release|iPhone
		{7353C03D-734B-4CA9-B168-C0F26F784CED}.Release|ARM.ActiveCfg = Release|iPhone
		{7353C03D-734B-4CA9-B168-C0F26F784CED}.Release|ARM.Build.0 = Release|iPhone
		{7353C03D-734B-4CA9-B168-C0F26F784CED}.Release|ARM.Deploy.0 = Release|iPhone
		{7353C03D-734B-4CA9-B168-C0F26F784CED}.Release|iPhone.ActiveCfg = Release|iPhone
		{7353C03D-734B-4CA9-B168-C0F26F784CED}.Release|iPhone.Build.0 = Release|iPhone
		{7353C03D-734B-4CA9-B168-C0F26F784CED}.Release|iPhone.Deploy.0 = Release|iPhone
		{7353C03D-734B-4CA9-B168-C0F26F784CED}.Release|iPhoneSimulator.ActiveCfg = Release|iPhoneSimulator
		{7353C03D-734B-4CA9-B168-C0F26F784CED}.Release|iPhoneSimulator.Build.0 = Release|iPhoneSimulator
		{7353C03D-734B-4CA9-B168-C0F26F784CED}.Release|iPhoneSimulator.Deploy.0 = Release|iPhoneSimulator
		{7353C03D-734B-4CA9-B168-C0F26F784CED}.Release|x64.ActiveCfg = Release|iPhone
		{7353C03D-734B-4CA9-B168-C0F26F784CED}.Release|x64.Build.0 = Release|iPhone
		{7353C03D-734B-4CA9-B168-C0F26F784CED}.Release|x64.Deploy.0 = Release|iPhone
		{7353C03D-734B-4CA9-B168-C0F26F784CED}.Release|x86.ActiveCfg = Release|iPhone
		{7353C03D-734B-4CA9-B168-C0F26F784CED}.Release|x86.Build.0 = Release|iPhone
		{7353C03D-734B-4CA9-B168-C0F26F784CED}.Release|x86.Deploy.0 = Release|iPhone
		{FD4CA1EC-29D2-4381-B09E-940A41CFFE92}.Ad-Hoc|Any CPU.ActiveCfg = Release|x86
		{FD4CA1EC-29D2-4381-B09E-940A41CFFE92}.Ad-Hoc|Any CPU.Build.0 = Release|x86
		{FD4CA1EC-29D2-4381-B09E-940A41CFFE92}.Ad-Hoc|Any CPU.Deploy.0 = Release|x86
		{FD4CA1EC-29D2-4381-B09E-940A41CFFE92}.Ad-Hoc|ARM.ActiveCfg = Release|ARM
		{FD4CA1EC-29D2-4381-B09E-940A41CFFE92}.Ad-Hoc|ARM.Build.0 = Release|ARM
		{FD4CA1EC-29D2-4381-B09E-940A41CFFE92}.Ad-Hoc|ARM.Deploy.0 = Release|ARM
		{FD4CA1EC-29D2-4381-B09E-940A41CFFE92}.Ad-Hoc|iPhone.ActiveCfg = Release|x86
		{FD4CA1EC-29D2-4381-B09E-940A41CFFE92}.Ad-Hoc|iPhone.Build.0 = Release|x86
		{FD4CA1EC-29D2-4381-B09E-940A41CFFE92}.Ad-Hoc|iPhone.Deploy.0 = Release|x86
		{FD4CA1EC-29D2-4381-B09E-940A41CFFE92}.Ad-Hoc|iPhoneSimulator.ActiveCfg = Release|x86
		{FD4CA1EC-29D2-4381-B09E-940A41CFFE92}.Ad-Hoc|iPhoneSimulator.Build.0 = Release|x86
		{FD4CA1EC-29D2-4381-B09E-940A41CFFE92}.Ad-Hoc|iPhoneSimulator.Deploy.0 = Release|x86
		{FD4CA1EC-29D2-4381-B09E-940A41CFFE92}.Ad-Hoc|x64.ActiveCfg = Release|x64
		{FD4CA1EC-29D2-4381-B09E-940A41CFFE92}.Ad-Hoc|x64.Build.0 = Release|x64
		{FD4CA1EC-29D2-4381-B09E-940A41CFFE92}.Ad-Hoc|x64.Deploy.0 = Release|x64
		{FD4CA1EC-29D2-4381-B09E-940A41CFFE92}.Ad-Hoc|x86.ActiveCfg = Release|x86
		{FD4CA1EC-29D2-4381-B09E-940A41CFFE92}.Ad-Hoc|x86.Build.0 = Release|x86
		{FD4CA1EC-29D2-4381-B09E-940A41CFFE92}.Ad-Hoc|x86.Deploy.0 = Release|x86
		{FD4CA1EC-29D2-4381-B09E-940A41CFFE92}.AppStore|Any CPU.ActiveCfg = Release|x86
		{FD4CA1EC-29D2-4381-B09E-940A41CFFE92}.AppStore|Any CPU.Build.0 = Release|x86
		{FD4CA1EC-29D2-4381-B09E-940A41CFFE92}.AppStore|Any CPU.Deploy.0 = Release|x86
		{FD4CA1EC-29D2-4381-B09E-940A41CFFE92}.AppStore|ARM.ActiveCfg = Release|ARM
		{FD4CA1EC-29D2-4381-B09E-940A41CFFE92}.AppStore|ARM.Build.0 = Release|ARM
		{FD4CA1EC-29D2-4381-B09E-940A41CFFE92}.AppStore|ARM.Deploy.0 = Release|ARM
		{FD4CA1EC-29D2-4381-B09E-940A41CFFE92}.AppStore|iPhone.ActiveCfg = Release|x86
		{FD4CA1EC-29D2-4381-B09E-940A41CFFE92}.AppStore|iPhone.Build.0 = Release|x86
		{FD4CA1EC-29D2-4381-B09E-940A41CFFE92}.AppStore|iPhone.Deploy.0 = Release|x86
		{FD4CA1EC-29D2-4381-B09E-940A41CFFE92}.AppStore|iPhoneSimulator.ActiveCfg = Release|x86
		{FD4CA1EC-29D2-4381-B09E-940A41CFFE92}.AppStore|iPhoneSimulator.Build.0 = Release|x86
		{FD4CA1EC-29D2-4381-B09E-940A41CFFE92}.AppStore|iPhoneSimulator.Deploy.0 = Release|x86
		{FD4CA1EC-29D2-4381-B09E-940A41CFFE92}.AppStore|x64.ActiveCfg = Release|x64
		{FD4CA1EC-29D2-4381-B09E-940A41CFFE92}.AppStore|x64.Build.0 = Release|x64
		{FD4CA1EC-29D2-4381-B09E-940A41CFFE92}.AppStore|x64.Deploy.0 = Release|x64
		{FD4CA1EC-29D2-4381-B09E-940A41CFFE92}.AppStore|x86.ActiveCfg = Release|x86
		{FD4CA1EC-29D2-4381-B09E-940A41CFFE92}.AppStore|x86.Build.0 = Release|x86
		{FD4CA1EC-29D2-4381-B09E-940A41CFFE92}.AppStore|x86.Deploy.0 = Release|x86
		{FD4CA1EC-29D2-4381-B09E-940A41CFFE92}.Debug|Any CPU.ActiveCfg = Debug|x86
		{FD4CA1EC-29D2-4381-B09E-940A41CFFE92}.Debug|Any CPU.Build.0 = Debug|x86
		{FD4CA1EC-29D2-4381-B09E-940A41CFFE92}.Debug|Any CPU.Deploy.0 = Debug|x86
		{FD4CA1EC-29D2-4381-B09E-940A41CFFE92}.Debug|ARM.ActiveCfg = Debug|ARM
		{FD4CA1EC-29D2-4381-B09E-940A41CFFE92}.Debug|ARM.Build.0 = Debug|ARM
		{FD4CA1EC-29D2-4381-B09E-940A41CFFE92}.Debug|ARM.Deploy.0 = Debug|ARM
		{FD4CA1EC-29D2-4381-B09E-940A41CFFE92}.Debug|iPhone.ActiveCfg = Debug|x86
		{FD4CA1EC-29D2-4381-B09E-940A41CFFE92}.Debug|iPhone.Build.0 = Debug|x86
		{FD4CA1EC-29D2-4381-B09E-940A41CFFE92}.Debug|iPhone.Deploy.0 = Debug|x86
		{FD4CA1EC-29D2-4381-B09E-940A41CFFE92}.Debug|iPhoneSimulator.ActiveCfg = Debug|x86
		{FD4CA1EC-29D2-4381-B09E-940A41CFFE92}.Debug|iPhoneSimulator.Build.0 = Debug|x86
		{FD4CA1EC-29D2-4381-B09E-940A41CFFE92}.Debug|iPhoneSimulator.Deploy.0 = Debug|x86
		{FD4CA1EC-29D2-4381-B09E-940A41CFFE92}.Debug|x64.ActiveCfg = Debug|x64
		{FD4CA1EC-29D2-4381-B09E-940A41CFFE92}.Debug|x64.Build.0 = Debug|x64
		{FD4CA1EC-29D2-4381-B09E-940A41CFFE92}.Debug|x64.Deploy.0 = Debug|x64
		{FD4CA1EC-29D2-4381-B09E-940A41CFFE92}.Debug|x86.ActiveCfg = Debug|x86
		{FD4CA1EC-29D2-4381-B09E-940A41CFFE92}.Debug|x86.Build.0 = Debug|x86
		{FD4CA1EC-29D2-4381-B09E-940A41CFFE92}.Debug|x86.Deploy.0 = Debug|x86
		{FD4CA1EC-29D2-4381-B09E-940A41CFFE92}.Release|Any CPU.ActiveCfg = Release|x86
		{FD4CA1EC-29D2-4381-B09E-940A41CFFE92}.Release|Any CPU.Build.0 = Release|x86
		{FD4CA1EC-29D2-4381-B09E-940A41CFFE92}.Release|Any CPU.Deploy.0 = Release|x86
		{FD4CA1EC-29D2-4381-B09E-940A41CFFE92}.Release|ARM.ActiveCfg = Release|ARM
		{FD4CA1EC-29D2-4381-B09E-940A41CFFE92}.Release|ARM.Build.0 = Release|ARM
		{FD4CA1EC-29D2-4381-B09E-940A41CFFE92}.Release|ARM.Deploy.0 = Release|ARM
		{FD4CA1EC-29D2-4381-B09E-940A41CFFE92}.Release|iPhone.ActiveCfg = Release|x86
		{FD4CA1EC-29D2-4381-B09E-940A41CFFE92}.Release|iPhone.Build.0 = Release|x86
		{FD4CA1EC-29D2-4381-B09E-940A41CFFE92}.Release|iPhone.Deploy.0 = Release|x86
		{FD4CA1EC-29D2-4381-B09E-940A41CFFE92}.Release|iPhoneSimulator.ActiveCfg = Release|x86
		{FD4CA1EC-29D2-4381-B09E-940A41CFFE92}.Release|iPhoneSimulator.Build.0 = Release|x86
		{FD4CA1EC-29D2-4381-B09E-940A41CFFE92}.Release|iPhoneSimulator.Deploy.0 = Release|x86
		{FD4CA1EC-29D2-4381-B09E-940A41CFFE92}.Release|x64.ActiveCfg = Release|x64
		{FD4CA1EC-29D2-4381-B09E-940A41CFFE92}.Release|x64.Build.0 = Release|x64
		{FD4CA1EC-29D2-4381-B09E-940A41CFFE92}.Release|x64.Deploy.0 = Release|x64
		{FD4CA1EC-29D2-4381-B09E-940A41CFFE92}.Release|x86.ActiveCfg = Release|x86
		{FD4CA1EC-29D2-4381-B09E-940A41CFFE92}.Release|x86.Build.0 = Release|x86
		{FD4CA1EC-29D2-4381-B09E-940A41CFFE92}.Release|x86.Deploy.0 = Release|x86
		{84FDFEDB-06F9-4168-B821-218B13E8F8E4}.Ad-Hoc|Any CPU.ActiveCfg = Debug|Any CPU
		{84FDFEDB-06F9-4168-B821-218B13E8F8E4}.Ad-Hoc|Any CPU.Build.0 = Debug|Any CPU
		{84FDFEDB-06F9-4168-B821-218B13E8F8E4}.Ad-Hoc|Any CPU.Deploy.0 = Debug|Any CPU
		{84FDFEDB-06F9-4168-B821-218B13E8F8E4}.Ad-Hoc|ARM.ActiveCfg = Debug|Any CPU
		{84FDFEDB-06F9-4168-B821-218B13E8F8E4}.Ad-Hoc|ARM.Build.0 = Debug|Any CPU
		{84FDFEDB-06F9-4168-B821-218B13E8F8E4}.Ad-Hoc|ARM.Deploy.0 = Debug|Any CPU
		{84FDFEDB-06F9-4168-B821-218B13E8F8E4}.Ad-Hoc|iPhone.ActiveCfg = Debug|Any CPU
		{84FDFEDB-06F9-4168-B821-218B13E8F8E4}.Ad-Hoc|iPhone.Build.0 = Debug|Any CPU
		{84FDFEDB-06F9-4168-B821-218B13E8F8E4}.Ad-Hoc|iPhone.Deploy.0 = Debug|Any CPU
		{84FDFEDB-06F9-4168-B821-218B13E8F8E4}.Ad-Hoc|iPhoneSimulator.ActiveCfg = Debug|Any CPU
		{84FDFEDB-06F9-4168-B821-218B13E8F8E4}.Ad-Hoc|iPhoneSimulator.Build.0 = Debug|Any CPU
		{84FDFEDB-06F9-4168-B821-218B13E8F8E4}.Ad-Hoc|iPhoneSimulator.Deploy.0 = Debug|Any CPU
		{84FDFEDB-06F9-4168-B821-218B13E8F8E4}.Ad-Hoc|x64.ActiveCfg = Debug|Any CPU
		{84FDFEDB-06F9-4168-B821-218B13E8F8E4}.Ad-Hoc|x64.Build.0 = Debug|Any CPU
		{84FDFEDB-06F9-4168-B821-218B13E8F8E4}.Ad-Hoc|x64.Deploy.0 = Debug|Any CPU
		{84FDFEDB-06F9-4168-B821-218B13E8F8E4}.Ad-Hoc|x86.ActiveCfg = Debug|Any CPU
		{84FDFEDB-06F9-4168-B821-218B13E8F8E4}.Ad-Hoc|x86.Build.0 = Debug|Any CPU
		{84FDFEDB-06F9-4168-B821-218B13E8F8E4}.Ad-Hoc|x86.Deploy.0 = Debug|Any CPU
		{84FDFEDB-06F9-4168-B821-218B13E8F8E4}.AppStore|Any CPU.ActiveCfg = Debug|Any CPU
		{84FDFEDB-06F9-4168-B821-218B13E8F8E4}.AppStore|Any CPU.Build.0 = Debug|Any CPU
		{84FDFEDB-06F9-4168-B821-218B13E8F8E4}.AppStore|Any CPU.Deploy.0 = Debug|Any CPU
		{84FDFEDB-06F9-4168-B821-218B13E8F8E4}.AppStore|ARM.ActiveCfg = Debug|Any CPU
		{84FDFEDB-06F9-4168-B821-218B13E8F8E4}.AppStore|ARM.Build.0 = Debug|Any CPU
		{84FDFEDB-06F9-4168-B821-218B13E8F8E4}.AppStore|ARM.Deploy.0 = Debug|Any CPU
		{84FDFEDB-06F9-4168-B821-218B13E8F8E4}.AppStore|iPhone.ActiveCfg = Debug|Any CPU
		{84FDFEDB-06F9-4168-B821-218B13E8F8E4}.AppStore|iPhone.Build.0 = Debug|Any CPU
		{84FDFEDB-06F9-4168-B821-218B13E8F8E4}.AppStore|iPhone.Deploy.0 = Debug|Any CPU
		{84FDFEDB-06F9-4168-B821-218B13E8F8E4}.AppStore|iPhoneSimulator.ActiveCfg = Debug|Any CPU
		{84FDFEDB-06F9-4168-B821-218B13E8F8E4}.AppStore|iPhoneSimulator.Build.0 = Debug|Any CPU
		{84FDFEDB-06F9-4168-B821-218B13E8F8E4}.AppStore|iPhoneSimulator.Deploy.0 = Debug|Any CPU
		{84FDFEDB-06F9-4168-B821-218B13E8F8E4}.AppStore|x64.ActiveCfg = Debug|Any CPU
		{84FDFEDB-06F9-4168-B821-218B13E8F8E4}.AppStore|x64.Build.0 = Debug|Any CPU
		{84FDFEDB-06F9-4168-B821-218B13E8F8E4}.AppStore|x64.Deploy.0 = Debug|Any CPU
		{84FDFEDB-06F9-4168-B821-218B13E8F8E4}.AppStore|x86.ActiveCfg = Debug|Any CPU
		{84FDFEDB-06F9-4168-B821-218B13E8F8E4}.AppStore|x86.Build.0 = Debug|Any CPU
		{84FDFEDB-06F9-4168-B821-218B13E8F8E4}.AppStore|x86.Deploy.0 = Debug|Any CPU
		{84FDFEDB-06F9-4168-B821-218B13E8F8E4}.Debug|Any CPU.ActiveCfg = Debug|Any CPU
		{84FDFEDB-06F9-4168-B821-218B13E8F8E4}.Debug|Any CPU.Build.0 = Debug|Any CPU
		{84FDFEDB-06F9-4168-B821-218B13E8F8E4}.Debug|Any CPU.Deploy.0 = Debug|Any CPU
		{84FDFEDB-06F9-4168-B821-218B13E8F8E4}.Debug|ARM.ActiveCfg = Debug|Any CPU
		{84FDFEDB-06F9-4168-B821-218B13E8F8E4}.Debug|ARM.Build.0 = Debug|Any CPU
		{84FDFEDB-06F9-4168-B821-218B13E8F8E4}.Debug|ARM.Deploy.0 = Debug|Any CPU
		{84FDFEDB-06F9-4168-B821-218B13E8F8E4}.Debug|iPhone.ActiveCfg = Debug|Any CPU
		{84FDFEDB-06F9-4168-B821-218B13E8F8E4}.Debug|iPhone.Build.0 = Debug|Any CPU
		{84FDFEDB-06F9-4168-B821-218B13E8F8E4}.Debug|iPhone.Deploy.0 = Debug|Any CPU
		{84FDFEDB-06F9-4168-B821-218B13E8F8E4}.Debug|iPhoneSimulator.ActiveCfg = Debug|Any CPU
		{84FDFEDB-06F9-4168-B821-218B13E8F8E4}.Debug|iPhoneSimulator.Build.0 = Debug|Any CPU
		{84FDFEDB-06F9-4168-B821-218B13E8F8E4}.Debug|iPhoneSimulator.Deploy.0 = Debug|Any CPU
		{84FDFEDB-06F9-4168-B821-218B13E8F8E4}.Debug|x64.ActiveCfg = Debug|Any CPU
		{84FDFEDB-06F9-4168-B821-218B13E8F8E4}.Debug|x64.Build.0 = Debug|Any CPU
		{84FDFEDB-06F9-4168-B821-218B13E8F8E4}.Debug|x64.Deploy.0 = Debug|Any CPU
		{84FDFEDB-06F9-4168-B821-218B13E8F8E4}.Debug|x86.ActiveCfg = Debug|Any CPU
		{84FDFEDB-06F9-4168-B821-218B13E8F8E4}.Debug|x86.Build.0 = Debug|Any CPU
		{84FDFEDB-06F9-4168-B821-218B13E8F8E4}.Debug|x86.Deploy.0 = Debug|Any CPU
		{84FDFEDB-06F9-4168-B821-218B13E8F8E4}.Release|Any CPU.ActiveCfg = Release|Any CPU
		{84FDFEDB-06F9-4168-B821-218B13E8F8E4}.Release|Any CPU.Build.0 = Release|Any CPU
		{84FDFEDB-06F9-4168-B821-218B13E8F8E4}.Release|Any CPU.Deploy.0 = Release|Any CPU
		{84FDFEDB-06F9-4168-B821-218B13E8F8E4}.Release|ARM.ActiveCfg = Release|Any CPU
		{84FDFEDB-06F9-4168-B821-218B13E8F8E4}.Release|ARM.Build.0 = Release|Any CPU
		{84FDFEDB-06F9-4168-B821-218B13E8F8E4}.Release|ARM.Deploy.0 = Release|Any CPU
		{84FDFEDB-06F9-4168-B821-218B13E8F8E4}.Release|iPhone.ActiveCfg = Release|Any CPU
		{84FDFEDB-06F9-4168-B821-218B13E8F8E4}.Release|iPhone.Build.0 = Release|Any CPU
		{84FDFEDB-06F9-4168-B821-218B13E8F8E4}.Release|iPhone.Deploy.0 = Release|Any CPU
		{84FDFEDB-06F9-4168-B821-218B13E8F8E4}.Release|iPhoneSimulator.ActiveCfg = Release|Any CPU
		{84FDFEDB-06F9-4168-B821-218B13E8F8E4}.Release|iPhoneSimulator.Build.0 = Release|Any CPU
		{84FDFEDB-06F9-4168-B821-218B13E8F8E4}.Release|iPhoneSimulator.Deploy.0 = Release|Any CPU
		{84FDFEDB-06F9-4168-B821-218B13E8F8E4}.Release|x64.ActiveCfg = Release|Any CPU
		{84FDFEDB-06F9-4168-B821-218B13E8F8E4}.Release|x64.Build.0 = Release|Any CPU
		{84FDFEDB-06F9-4168-B821-218B13E8F8E4}.Release|x64.Deploy.0 = Release|Any CPU
		{84FDFEDB-06F9-4168-B821-218B13E8F8E4}.Release|x86.ActiveCfg = Release|Any CPU
		{84FDFEDB-06F9-4168-B821-218B13E8F8E4}.Release|x86.Build.0 = Release|Any CPU
		{84FDFEDB-06F9-4168-B821-218B13E8F8E4}.Release|x86.Deploy.0 = Release|Any CPU
	EndGlobalSection
	GlobalSection(SolutionProperties) = preSolution
		HideSolutionNode = FALSE
	EndGlobalSection
	GlobalSection(ExtensibilityGlobals) = postSolution
		SolutionGuid = {28910FD9-740D-49AC-AA59-0130570669EC}
	EndGlobalSection
EndGlobal
